
Microsoft Visual Studio Solution File, Format Version 12.00
# Visual Studio Version 16
VisualStudioVersion = 16.0.29306.81
MinimumVisualStudioVersion = 10.0.40219.1
Project("{FAE04EC0-301F-11D3-BF4B-00C04F79EFBC}") = "FoodCartClass", "FoodCartClass.csproj", "{FBEB23FE-9576-4C44-9805-65D192DB1CF2}"
EndProject
Global
	GlobalSection(SolutionConfigurationPlatforms) = preSolution
		Debug|Any CPU = Debug|Any CPU
		Release|Any CPU = Release|Any CPU
	EndGlobalSection
	GlobalSection(ProjectConfigurationPlatforms) = postSolution
		{FBEB23FE-9576-4C44-9805-65D192DB1CF2}.Debug|Any CPU.ActiveCfg = Debug|Any CPU
		{FBEB23FE-9576-4C44-9805-65D192DB1CF2}.Debug|Any CPU.Build.0 = Debug|Any CPU
		{FBEB23FE-9576-4C44-9805-65D192DB1CF2}.Release|Any CPU.ActiveCfg = Release|Any CPU
		{FBEB23FE-9576-4C44-9805-65D192DB1CF2}.Release|Any CPU.Build.0 = Release|Any CPU
	EndGlobalSection
	GlobalSection(SolutionProperties) = preSolution
		HideSolutionNode = FALSE
	EndGlobalSection
	GlobalSection(ExtensibilityGlobals) = postSolution
		SolutionGuid = {5B35DBBB-0B72-48B3-8CA3-81656BE989F0}
	EndGlobalSection
EndGlobal
